
Microsoft Visual Studio Solution File, Format Version 12.00
# Visual Studio 15
VisualStudioVersion = 15.0.26403.3
MinimumVisualStudioVersion = 10.0.40219.1
Project("{FAE04EC0-301F-11D3-BF4B-00C04F79EFBC}") = "Problem02Cups", "Problem02Cups\Problem02Cups.csproj", "{DC4B3E5F-587A-4C96-9107-0ACBD16A751F}"
EndProject
Project("{FAE04EC0-301F-11D3-BF4B-00C04F79EFBC}") = "Problem03Vacation", "Problem03Vacation\Problem03Vacation.csproj", "{D74D3F6C-4734-4209-9B56-99753639E430}"
EndProject
Project("{FAE04EC0-301F-11D3-BF4B-00C04F79EFBC}") = "Problem04TrainersSalary", "Problem04TrainersSalary\Problem04TrainersSalary.csproj", "{71C73F79-027F-405B-93FE-3F03B445BB3F}"
EndProject
Project("{FAE04EC0-301F-11D3-BF4B-00C04F79EFBC}") = "Problem06TwoNumbersSum", "Problem06TwoNumbersSum\Problem06TwoNumbersSum.csproj", "{66F97AED-77F3-437E-972E-D7C5245A90F9}"
EndProject
Project("{FAE04EC0-301F-11D3-BF4B-00C04F79EFBC}") = "Problem05Hourglass", "Problem05Hourglass\Problem05Hourglass.csproj", "{6861A0CC-ED4A-4FD5-81E1-09628DD1CB71}"
EndProject
Global
	GlobalSection(SolutionConfigurationPlatforms) = preSolution
		Debug|Any CPU = Debug|Any CPU
		Release|Any CPU = Release|Any CPU
	EndGlobalSection
	GlobalSection(ProjectConfigurationPlatforms) = postSolution
		{DC4B3E5F-587A-4C96-9107-0ACBD16A751F}.Debug|Any CPU.ActiveCfg = Debug|Any CPU
		{DC4B3E5F-587A-4C96-9107-0ACBD16A751F}.Debug|Any CPU.Build.0 = Debug|Any CPU
		{DC4B3E5F-587A-4C96-9107-0ACBD16A751F}.Release|Any CPU.ActiveCfg = Release|Any CPU
		{DC4B3E5F-587A-4C96-9107-0ACBD16A751F}.Release|Any CPU.Build.0 = Release|Any CPU
		{D74D3F6C-4734-4209-9B56-99753639E430}.Debug|Any CPU.ActiveCfg = Debug|Any CPU
		{D74D3F6C-4734-4209-9B56-99753639E430}.Debug|Any CPU.Build.0 = Debug|Any CPU
		{D74D3F6C-4734-4209-9B56-99753639E430}.Release|Any CPU.ActiveCfg = Release|Any CPU
		{D74D3F6C-4734-4209-9B56-99753639E430}.Release|Any CPU.Build.0 = Release|Any CPU
		{71C73F79-027F-405B-93FE-3F03B445BB3F}.Debug|Any CPU.ActiveCfg = Debug|Any CPU
		{71C73F79-027F-405B-93FE-3F03B445BB3F}.Debug|Any CPU.Build.0 = Debug|Any CPU
		{71C73F79-027F-405B-93FE-3F03B445BB3F}.Release|Any CPU.ActiveCfg = Release|Any CPU
		{71C73F79-027F-405B-93FE-3F03B445BB3F}.Release|Any CPU.Build.0 = Release|Any CPU
		{66F97AED-77F3-437E-972E-D7C5245A90F9}.Debug|Any CPU.ActiveCfg = Debug|Any CPU
		{66F97AED-77F3-437E-972E-D7C5245A90F9}.Debug|Any CPU.Build.0 = Debug|Any CPU
		{66F97AED-77F3-437E-972E-D7C5245A90F9}.Release|Any CPU.ActiveCfg = Release|Any CPU
		{66F97AED-77F3-437E-972E-D7C5245A90F9}.Release|Any CPU.Build.0 = Release|Any CPU
		{6861A0CC-ED4A-4FD5-81E1-09628DD1CB71}.Debug|Any CPU.ActiveCfg = Debug|Any CPU
		{6861A0CC-ED4A-4FD5-81E1-09628DD1CB71}.Debug|Any CPU.Build.0 = Debug|Any CPU
		{6861A0CC-ED4A-4FD5-81E1-09628DD1CB71}.Release|Any CPU.ActiveCfg = Release|Any CPU
		{6861A0CC-ED4A-4FD5-81E1-09628DD1CB71}.Release|Any CPU.Build.0 = Release|Any CPU
	EndGlobalSection
	GlobalSection(SolutionProperties) = preSolution
		HideSolutionNode = FALSE
	EndGlobalSection
EndGlobal
