
Microsoft Visual Studio Solution File, Format Version 12.00
# Visual Studio 15
VisualStudioVersion = 15.0.26403.0
MinimumVisualStudioVersion = 10.0.40219.1
Project("{FAE04EC0-301F-11D3-BF4B-00C04F79EFBC}") = "Task03Flowers", "Task03Flowers\Task03Flowers.csproj", "{1766ADFB-D5B1-42BA-BCF1-619066399040}"
EndProject
Project("{FAE04EC0-301F-11D3-BF4B-00C04F79EFBC}") = "Task06Letters", "Task06Letters\Task06Letters.csproj", "{234B1018-525E-4374-B000-509E248A7E4E}"
EndProject
Global
	GlobalSection(SolutionConfigurationPlatforms) = preSolution
		Debug|Any CPU = Debug|Any CPU
		Release|Any CPU = Release|Any CPU
	EndGlobalSection
	GlobalSection(ProjectConfigurationPlatforms) = postSolution
		{1766ADFB-D5B1-42BA-BCF1-619066399040}.Debug|Any CPU.ActiveCfg = Debug|Any CPU
		{1766ADFB-D5B1-42BA-BCF1-619066399040}.Debug|Any CPU.Build.0 = Debug|Any CPU
		{1766ADFB-D5B1-42BA-BCF1-619066399040}.Release|Any CPU.ActiveCfg = Release|Any CPU
		{1766ADFB-D5B1-42BA-BCF1-619066399040}.Release|Any CPU.Build.0 = Release|Any CPU
		{234B1018-525E-4374-B000-509E248A7E4E}.Debug|Any CPU.ActiveCfg = Debug|Any CPU
		{234B1018-525E-4374-B000-509E248A7E4E}.Debug|Any CPU.Build.0 = Debug|Any CPU
		{234B1018-525E-4374-B000-509E248A7E4E}.Release|Any CPU.ActiveCfg = Release|Any CPU
		{234B1018-525E-4374-B000-509E248A7E4E}.Release|Any CPU.Build.0 = Release|Any CPU
	EndGlobalSection
	GlobalSection(SolutionProperties) = preSolution
		HideSolutionNode = FALSE
	EndGlobalSection
EndGlobal
